// !$*UTF8*$!
{
	archiveVersion = 1;
	classes = {
	};
	objectVersion = 50;
	objects = {

/* Begin PBXBuildFile section */
		7937C51B22404B8C00404F80 /* RjsTrack.m in Sources */ = {isa = PBXBuildFile; fileRef = 7937C51A22404B8C00404F80 /* RjsTrack.m */; };
		7937C51E22404F8900404F80 /* MapKit.framework in Frameworks */ = {isa = PBXBuildFile; fileRef = 7937C51D22404F8900404F80 /* MapKit.framework */; };
		7937C521224115C800404F80 /* RjsContainer.m in Sources */ = {isa = PBXBuildFile; fileRef = 7937C520224115C800404F80 /* RjsContainer.m */; };
		7937C5282241193F00404F80 /* UIViewController+Rjs.m in Sources */ = {isa = PBXBuildFile; fileRef = 7937C5242241193E00404F80 /* UIViewController+Rjs.m */; };
		7937C5292241193F00404F80 /* RjsViewControllerContainer.m in Sources */ = {isa = PBXBuildFile; fileRef = 7937C5262241193E00404F80 /* RjsViewControllerContainer.m */; };
		799F5E6C224049A7001E02C4 /* main.m in Sources */ = {isa = PBXBuildFile; fileRef = 799F5E61224049A7001E02C4 /* main.m */; };
		799F5E6D224049A7001E02C4 /* AppDelegate.m in Sources */ = {isa = PBXBuildFile; fileRef = 799F5E62224049A7001E02C4 /* AppDelegate.m */; };
		799F5E6F224049A7001E02C4 /* Assets.xcassets in Resources */ = {isa = PBXBuildFile; fileRef = 799F5E65224049A7001E02C4 /* Assets.xcassets */; };
		799F5E70224049A7001E02C4 /* dot@2x.png in Resources */ = {isa = PBXBuildFile; fileRef = 799F5E67224049A7001E02C4 /* dot@2x.png */; };
		799F5E71224049A7001E02C4 /* dot@3x.png in Resources */ = {isa = PBXBuildFile; fileRef = 799F5E68224049A7001E02C4 /* dot@3x.png */; };
		799F5E72224049A7001E02C4 /* LaunchScreen.storyboard in Resources */ = {isa = PBXBuildFile; fileRef = 799F5E6A224049A7001E02C4 /* LaunchScreen.storyboard */; };
		799F5E73224049A7001E02C4 /* Main.storyboard in Resources */ = {isa = PBXBuildFile; fileRef = 799F5E6B224049A7001E02C4 /* Main.storyboard */; };
		79F1BF8C22414A7E00BC8141 /* RjsPermissionLocationDenied.m in Sources */ = {isa = PBXBuildFile; fileRef = 79F1BF8822414A7E00BC8141 /* RjsPermissionLocationDenied.m */; };
		79F1BF8D22414A7E00BC8141 /* RjsPermissionLocationNotDetermined.m in Sources */ = {isa = PBXBuildFile; fileRef = 79F1BF8B22414A7E00BC8141 /* RjsPermissionLocationNotDetermined.m */; };
/* End PBXBuildFile section */

/* Begin PBXFileReference section */
		7937C51922404B8C00404F80 /* RjsTrack.h */ = {isa = PBXFileReference; fileEncoding = 4; lastKnownFileType = sourcecode.c.h; path = RjsTrack.h; sourceTree = "<group>"; };
		7937C51A22404B8C00404F80 /* RjsTrack.m */ = {isa = PBXFileReference; fileEncoding = 4; lastKnownFileType = sourcecode.c.objc; path = RjsTrack.m; sourceTree = "<group>"; };
		7937C51D22404F8900404F80 /* MapKit.framework */ = {isa = PBXFileReference; lastKnownFileType = wrapper.framework; name = MapKit.framework; path = System/Library/Frameworks/MapKit.framework; sourceTree = SDKROOT; };
		7937C51F224115C800404F80 /* RjsContainer.h */ = {isa = PBXFileReference; fileEncoding = 4; lastKnownFileType = sourcecode.c.h; path = RjsContainer.h; sourceTree = "<group>"; };
		7937C520224115C800404F80 /* RjsContainer.m */ = {isa = PBXFileReference; fileEncoding = 4; lastKnownFileType = sourcecode.c.objc; path = RjsContainer.m; sourceTree = "<group>"; };
		7937C5232241193E00404F80 /* UIViewController+Rjs.h */ = {isa = PBXFileReference; fileEncoding = 4; lastKnownFileType = sourcecode.c.h; path = "UIViewController+Rjs.h"; sourceTree = "<group>"; };
		7937C5242241193E00404F80 /* UIViewController+Rjs.m */ = {isa = PBXFileReference; fileEncoding = 4; lastKnownFileType = sourcecode.c.objc; path = "UIViewController+Rjs.m"; sourceTree = "<group>"; };
		7937C5262241193E00404F80 /* RjsViewControllerContainer.m */ = {isa = PBXFileReference; fileEncoding = 4; lastKnownFileType = sourcecode.c.objc; path = RjsViewControllerContainer.m; sourceTree = "<group>"; };
		7937C5272241193E00404F80 /* RjsViewControllerContainer.h */ = {isa = PBXFileReference; fileEncoding = 4; lastKnownFileType = sourcecode.c.h; path = RjsViewControllerContainer.h; sourceTree = "<group>"; };
		799F5E60224049A7001E02C4 /* AppDelegate.h */ = {isa = PBXFileReference; fileEncoding = 4; lastKnownFileType = sourcecode.c.h; path = AppDelegate.h; sourceTree = "<group>"; };
		799F5E61224049A7001E02C4 /* main.m */ = {isa = PBXFileReference; fileEncoding = 4; lastKnownFileType = sourcecode.c.objc; path = main.m; sourceTree = "<group>"; };
		799F5E62224049A7001E02C4 /* AppDelegate.m */ = {isa = PBXFileReference; fileEncoding = 4; lastKnownFileType = sourcecode.c.objc; path = AppDelegate.m; sourceTree = "<group>"; };
		799F5E63224049A7001E02C4 /* Info.plist */ = {isa = PBXFileReference; fileEncoding = 4; lastKnownFileType = text.plist.xml; path = Info.plist; sourceTree = "<group>"; };
		799F5E65224049A7001E02C4 /* Assets.xcassets */ = {isa = PBXFileReference; lastKnownFileType = folder.assetcatalog; path = Assets.xcassets; sourceTree = "<group>"; };
		799F5E67224049A7001E02C4 /* dot@2x.png */ = {isa = PBXFileReference; lastKnownFileType = image.png; path = "dot@2x.png"; sourceTree = "<group>"; };
		799F5E68224049A7001E02C4 /* dot@3x.png */ = {isa = PBXFileReference; lastKnownFileType = image.png; path = "dot@3x.png"; sourceTree = "<group>"; };
		799F5E6A224049A7001E02C4 /* LaunchScreen.storyboard */ = {isa = PBXFileReference; fileEncoding = 4; lastKnownFileType = file.storyboard; path = LaunchScreen.storyboard; sourceTree = "<group>"; };
		799F5E6B224049A7001E02C4 /* Main.storyboard */ = {isa = PBXFileReference; fileEncoding = 4; lastKnownFileType = file.storyboard; path = Main.storyboard; sourceTree = "<group>"; };
		79F1BF8822414A7E00BC8141 /* RjsPermissionLocationDenied.m */ = {isa = PBXFileReference; fileEncoding = 4; lastKnownFileType = sourcecode.c.objc; path = RjsPermissionLocationDenied.m; sourceTree = "<group>"; };
		79F1BF8922414A7E00BC8141 /* RjsPermissionLocationDenied.h */ = {isa = PBXFileReference; fileEncoding = 4; lastKnownFileType = sourcecode.c.h; path = RjsPermissionLocationDenied.h; sourceTree = "<group>"; };
		79F1BF8A22414A7E00BC8141 /* RjsPermissionLocationNotDetermined.h */ = {isa = PBXFileReference; fileEncoding = 4; lastKnownFileType = sourcecode.c.h; path = RjsPermissionLocationNotDetermined.h; sourceTree = "<group>"; };
		79F1BF8B22414A7E00BC8141 /* RjsPermissionLocationNotDetermined.m */ = {isa = PBXFileReference; fileEncoding = 4; lastKnownFileType = sourcecode.c.objc; path = RjsPermissionLocationNotDetermined.m; sourceTree = "<group>"; };
		79F3DEBA223FC6FE00C17CF1 /* floow-take-home-test.app */ = {isa = PBXFileReference; explicitFileType = wrapper.application; includeInIndex = 0; path = "floow-take-home-test.app"; sourceTree = BUILT_PRODUCTS_DIR; };
/* End PBXFileReference section */

/* Begin PBXFrameworksBuildPhase section */
		79F3DEB7223FC6FE00C17CF1 /* Frameworks */ = {
			isa = PBXFrameworksBuildPhase;
			buildActionMask = 2147483647;
			files = (
				7937C51E22404F8900404F80 /* MapKit.framework in Frameworks */,
			);
			runOnlyForDeploymentPostprocessing = 0;
		};
/* End PBXFrameworksBuildPhase section */

/* Begin PBXGroup section */
		7937C51822404B8C00404F80 /* view_controller */ = {
			isa = PBXGroup;
			children = (
				7937C51F224115C800404F80 /* RjsContainer.h */,
				7937C520224115C800404F80 /* RjsContainer.m */,
				79F1BF8922414A7E00BC8141 /* RjsPermissionLocationDenied.h */,
				79F1BF8822414A7E00BC8141 /* RjsPermissionLocationDenied.m */,
				79F1BF8A22414A7E00BC8141 /* RjsPermissionLocationNotDetermined.h */,
				79F1BF8B22414A7E00BC8141 /* RjsPermissionLocationNotDetermined.m */,
				7937C51922404B8C00404F80 /* RjsTrack.h */,
				7937C51A22404B8C00404F80 /* RjsTrack.m */,
			);
			path = view_controller;
			sourceTree = "<group>";
		};
		7937C51C22404F8900404F80 /* Frameworks */ = {
			isa = PBXGroup;
			children = (
				7937C51D22404F8900404F80 /* MapKit.framework */,
			);
			name = Frameworks;
			sourceTree = "<group>";
		};
		7937C5222241193E00404F80 /* category */ = {
			isa = PBXGroup;
			children = (
				7937C5232241193E00404F80 /* UIViewController+Rjs.h */,
				7937C5242241193E00404F80 /* UIViewController+Rjs.m */,
			);
			path = category;
			sourceTree = "<group>";
		};
		7937C5252241193E00404F80 /* base */ = {
			isa = PBXGroup;
			children = (
				7937C5272241193E00404F80 /* RjsViewControllerContainer.h */,
				7937C5262241193E00404F80 /* RjsViewControllerContainer.m */,
			);
			path = base;
			sourceTree = "<group>";
		};
		799F5E5F224049A7001E02C4 /* iOS */ = {
			isa = PBXGroup;
			children = (
				799F5E60224049A7001E02C4 /* AppDelegate.h */,
				799F5E62224049A7001E02C4 /* AppDelegate.m */,
				799F5E63224049A7001E02C4 /* Info.plist */,
				799F5E61224049A7001E02C4 /* main.m */,
			);
			path = iOS;
			sourceTree = "<group>";
		};
		799F5E64224049A7001E02C4 /* asset */ = {
			isa = PBXGroup;
			children = (
				799F5E65224049A7001E02C4 /* Assets.xcassets */,
				799F5E66224049A7001E02C4 /* image */,
			);
			path = asset;
			sourceTree = "<group>";
		};
		799F5E66224049A7001E02C4 /* image */ = {
			isa = PBXGroup;
			children = (
				799F5E67224049A7001E02C4 /* dot@2x.png */,
				799F5E68224049A7001E02C4 /* dot@3x.png */,
			);
			path = image;
			sourceTree = "<group>";
		};
		799F5E69224049A7001E02C4 /* storyboard */ = {
			isa = PBXGroup;
			children = (
				799F5E6A224049A7001E02C4 /* LaunchScreen.storyboard */,
				799F5E6B224049A7001E02C4 /* Main.storyboard */,
			);
			path = storyboard;
			sourceTree = "<group>";
		};
		79F3DEB1223FC6FE00C17CF1 = {
			isa = PBXGroup;
			children = (
				799F5E64224049A7001E02C4 /* asset */,
				7937C5252241193E00404F80 /* base */,
				7937C5222241193E00404F80 /* category */,
				7937C51C22404F8900404F80 /* Frameworks */,
				799F5E5F224049A7001E02C4 /* iOS */,
				79F3DEBB223FC6FE00C17CF1 /* Products */,
				799F5E69224049A7001E02C4 /* storyboard */,
				7937C51822404B8C00404F80 /* view_controller */,
			);
			sourceTree = "<group>";
		};
		79F3DEBB223FC6FE00C17CF1 /* Products */ = {
			isa = PBXGroup;
			children = (
				79F3DEBA223FC6FE00C17CF1 /* floow-take-home-test.app */,
			);
			name = Products;
			sourceTree = "<group>";
		};
/* End PBXGroup section */

/* Begin PBXNativeTarget section */
		79F3DEB9223FC6FE00C17CF1 /* floow-take-home-test */ = {
			isa = PBXNativeTarget;
			buildConfigurationList = 79F3DED0223FC70000C17CF1 /* Build configuration list for PBXNativeTarget "floow-take-home-test" */;
			buildPhases = (
				79F3DEB6223FC6FE00C17CF1 /* Sources */,
				79F3DEB7223FC6FE00C17CF1 /* Frameworks */,
				79F3DEB8223FC6FE00C17CF1 /* Resources */,
			);
			buildRules = (
			);
			dependencies = (
			);
			name = "floow-take-home-test";
			productName = "floow-take-home-test";
			productReference = 79F3DEBA223FC6FE00C17CF1 /* floow-take-home-test.app */;
			productType = "com.apple.product-type.application";
		};
/* End PBXNativeTarget section */

/* Begin PBXProject section */
		79F3DEB2223FC6FE00C17CF1 /* Project object */ = {
			isa = PBXProject;
			attributes = {
				LastUpgradeCheck = 1010;
				ORGANIZATIONNAME = "Richard Simkins";
				TargetAttributes = {
					79F3DEB9223FC6FE00C17CF1 = {
						CreatedOnToolsVersion = 10.1;
						SystemCapabilities = {
							com.apple.BackgroundModes = {
								enabled = 1;
							};
							com.apple.Maps.iOS = {
								enabled = 1;
							};
						};
					};
				};
			};
			buildConfigurationList = 79F3DEB5223FC6FE00C17CF1 /* Build configuration list for PBXProject "floow-take-home-test" */;
			compatibilityVersion = "Xcode 9.3";
			developmentRegion = en;
			hasScannedForEncodings = 0;
			knownRegions = (
				en,
				Base,
			);
			mainGroup = 79F3DEB1223FC6FE00C17CF1;
			productRefGroup = 79F3DEBB223FC6FE00C17CF1 /* Products */;
			projectDirPath = "";
			projectRoot = "";
			targets = (
				79F3DEB9223FC6FE00C17CF1 /* floow-take-home-test */,
			);
		};
/* End PBXProject section */

/* Begin PBXResourcesBuildPhase section */
		79F3DEB8223FC6FE00C17CF1 /* Resources */ = {
			isa = PBXResourcesBuildPhase;
			buildActionMask = 2147483647;
			files = (
				799F5E70224049A7001E02C4 /* dot@2x.png in Resources */,
				799F5E6F224049A7001E02C4 /* Assets.xcassets in Resources */,
				799F5E73224049A7001E02C4 /* Main.storyboard in Resources */,
				799F5E72224049A7001E02C4 /* LaunchScreen.storyboard in Resources */,
				799F5E71224049A7001E02C4 /* dot@3x.png in Resources */,
			);
			runOnlyForDeploymentPostprocessing = 0;
		};
/* End PBXResourcesBuildPhase section */

/* Begin PBXSourcesBuildPhase section */
		79F3DEB6223FC6FE00C17CF1 /* Sources */ = {
			isa = PBXSourcesBuildPhase;
			buildActionMask = 2147483647;
			files = (
				7937C5292241193F00404F80 /* RjsViewControllerContainer.m in Sources */,
				799F5E6D224049A7001E02C4 /* AppDelegate.m in Sources */,
				79F1BF8D22414A7E00BC8141 /* RjsPermissionLocationNotDetermined.m in Sources */,
				799F5E6C224049A7001E02C4 /* main.m in Sources */,
				7937C51B22404B8C00404F80 /* RjsTrack.m in Sources */,
				7937C521224115C800404F80 /* RjsContainer.m in Sources */,
				79F1BF8C22414A7E00BC8141 /* RjsPermissionLocationDenied.m in Sources */,
				7937C5282241193F00404F80 /* UIViewController+Rjs.m in Sources */,
			);
			runOnlyForDeploymentPostprocessing = 0;
		};
/* End PBXSourcesBuildPhase section */

/* Begin XCBuildConfiguration section */
		79F3DECE223FC6FF00C17CF1 /* Debug */ = {
			isa = XCBuildConfiguration;
			buildSettings = {
				ALWAYS_SEARCH_USER_PATHS = NO;
				CLANG_ANALYZER_NONNULL = YES;
				CLANG_ANALYZER_NUMBER_OBJECT_CONVERSION = YES_AGGRESSIVE;
				CLANG_CXX_LANGUAGE_STANDARD = "gnu++14";
				CLANG_CXX_LIBRARY = "libc++";
				CLANG_ENABLE_MODULES = YES;
				CLANG_ENABLE_OBJC_ARC = YES;
				CLANG_ENABLE_OBJC_WEAK = YES;
				CLANG_WARN_BLOCK_CAPTURE_AUTORELEASING = YES;
				CLANG_WARN_BOOL_CONVERSION = YES;
				CLANG_WARN_COMMA = YES;
				CLANG_WARN_CONSTANT_CONVERSION = YES;
				CLANG_WARN_DEPRECATED_OBJC_IMPLEMENTATIONS = YES;
				CLANG_WARN_DIRECT_OBJC_ISA_USAGE = YES_ERROR;
				CLANG_WARN_DOCUMENTATION_COMMENTS = YES;
				CLANG_WARN_EMPTY_BODY = YES;
				CLANG_WARN_ENUM_CONVERSION = YES;
				CLANG_WARN_INFINITE_RECURSION = YES;
				CLANG_WARN_INT_CONVERSION = YES;
				CLANG_WARN_NON_LITERAL_NULL_CONVERSION = YES;
				CLANG_WARN_OBJC_IMPLICIT_RETAIN_SELF = YES;
				CLANG_WARN_OBJC_LITERAL_CONVERSION = YES;
				CLANG_WARN_OBJC_ROOT_CLASS = YES_ERROR;
				CLANG_WARN_RANGE_LOOP_ANALYSIS = YES;
				CLANG_WARN_STRICT_PROTOTYPES = YES;
				CLANG_WARN_SUSPICIOUS_MOVE = YES;
				CLANG_WARN_UNGUARDED_AVAILABILITY = YES_AGGRESSIVE;
				CLANG_WARN_UNREACHABLE_CODE = YES;
				CLANG_WARN__DUPLICATE_METHOD_MATCH = YES;
				CODE_SIGN_IDENTITY = "iPhone Developer";
				COPY_PHASE_STRIP = NO;
				DEBUG_INFORMATION_FORMAT = dwarf;
				ENABLE_STRICT_OBJC_MSGSEND = YES;
				ENABLE_TESTABILITY = YES;
				GCC_C_LANGUAGE_STANDARD = gnu11;
				GCC_DYNAMIC_NO_PIC = NO;
				GCC_NO_COMMON_BLOCKS = YES;
				GCC_OPTIMIZATION_LEVEL = 0;
				GCC_PREPROCESSOR_DEFINITIONS = (
					"DEBUG=1",
					"$(inherited)",
				);
				GCC_WARN_64_TO_32_BIT_CONVERSION = YES;
				GCC_WARN_ABOUT_RETURN_TYPE = YES_ERROR;
				GCC_WARN_UNDECLARED_SELECTOR = YES;
				GCC_WARN_UNINITIALIZED_AUTOS = YES_AGGRESSIVE;
				GCC_WARN_UNUSED_FUNCTION = YES;
				GCC_WARN_UNUSED_VARIABLE = YES;
				IPHONEOS_DEPLOYMENT_TARGET = 12.1;
				MTL_ENABLE_DEBUG_INFO = INCLUDE_SOURCE;
				MTL_FAST_MATH = YES;
				ONLY_ACTIVE_ARCH = YES;
				SDKROOT = iphoneos;
			};
			name = Debug;
		};
		79F3DECF223FC6FF00C17CF1 /* Release */ = {
			isa = XCBuildConfiguration;
			buildSettings = {
				ALWAYS_SEARCH_USER_PATHS = NO;
				CLANG_ANALYZER_NONNULL = YES;
				CLANG_ANALYZER_NUMBER_OBJECT_CONVERSION = YES_AGGRESSIVE;
				CLANG_CXX_LANGUAGE_STANDARD = "gnu++14";
				CLANG_CXX_LIBRARY = "libc++";
				CLANG_ENABLE_MODULES = YES;
				CLANG_ENABLE_OBJC_ARC = YES;
				CLANG_ENABLE_OBJC_WEAK = YES;
				CLANG_WARN_BLOCK_CAPTURE_AUTORELEASING = YES;
				CLANG_WARN_BOOL_CONVERSION = YES;
				CLANG_WARN_COMMA = YES;
				CLANG_WARN_CONSTANT_CONVERSION = YES;
				CLANG_WARN_DEPRECATED_OBJC_IMPLEMENTATIONS = YES;
				CLANG_WARN_DIRECT_OBJC_ISA_USAGE = YES_ERROR;
				CLANG_WARN_DOCUMENTATION_COMMENTS = YES;
				CLANG_WARN_EMPTY_BODY = YES;
				CLANG_WARN_ENUM_CONVERSION = YES;
				CLANG_WARN_INFINITE_RECURSION = YES;
				CLANG_WARN_INT_CONVERSION = YES;
				CLANG_WARN_NON_LITERAL_NULL_CONVERSION = YES;
				CLANG_WARN_OBJC_IMPLICIT_RETAIN_SELF = YES;
				CLANG_WARN_OBJC_LITERAL_CONVERSION = YES;
				CLANG_WARN_OBJC_ROOT_CLASS = YES_ERROR;
				CLANG_WARN_RANGE_LOOP_ANALYSIS = YES;
				CLANG_WARN_STRICT_PROTOTYPES = YES;
				CLANG_WARN_SUSPICIOUS_MOVE = YES;
				CLANG_WARN_UNGUARDED_AVAILABILITY = YES_AGGRESSIVE;
				CLANG_WARN_UNREACHABLE_CODE = YES;
				CLANG_WARN__DUPLICATE_METHOD_MATCH = YES;
				CODE_SIGN_IDENTITY = "iPhone Developer";
				COPY_PHASE_STRIP = NO;
				DEBUG_INFORMATION_FORMAT = "dwarf-with-dsym";
				ENABLE_NS_ASSERTIONS = NO;
				ENABLE_STRICT_OBJC_MSGSEND = YES;
				GCC_C_LANGUAGE_STANDARD = gnu11;
				GCC_NO_COMMON_BLOCKS = YES;
				GCC_WARN_64_TO_32_BIT_CONVERSION = YES;
				GCC_WARN_ABOUT_RETURN_TYPE = YES_ERROR;
				GCC_WARN_UNDECLARED_SELECTOR = YES;
				GCC_WARN_UNINITIALIZED_AUTOS = YES_AGGRESSIVE;
				GCC_WARN_UNUSED_FUNCTION = YES;
				GCC_WARN_UNUSED_VARIABLE = YES;
				IPHONEOS_DEPLOYMENT_TARGET = 12.1;
				MTL_ENABLE_DEBUG_INFO = NO;
				MTL_FAST_MATH = YES;
				SDKROOT = iphoneos;
				VALIDATE_PRODUCT = YES;
			};
			name = Release;
		};
		79F3DED1223FC70000C17CF1 /* Debug */ = {
			isa = XCBuildConfiguration;
			buildSettings = {
				ASSETCATALOG_COMPILER_APPICON_NAME = AppIcon;
				CODE_SIGN_STYLE = Manual;
				DEVELOPMENT_TEAM = A7JM2TB6C8;
				INFOPLIST_FILE = iOS/Info.plist;
				LD_RUNPATH_SEARCH_PATHS = (
					"$(inherited)",
					"@executable_path/Frameworks",
				);
				PRODUCT_BUNDLE_IDENTIFIER = "com.richardjsimkins.floow-take-home-test";
				PRODUCT_NAME = "$(TARGET_NAME)";
				PROVISIONING_PROFILE_SPECIFIER = "";
				TARGETED_DEVICE_FAMILY = 1;
			};
			name = Debug;
		};
		79F3DED2223FC70000C17CF1 /* Release */ = {
			isa = XCBuildConfiguration;
			buildSettings = {
				ASSETCATALOG_COMPILER_APPICON_NAME = AppIcon;
				CODE_SIGN_STYLE = Manual;
				DEVELOPMENT_TEAM = A7JM2TB6C8;
				INFOPLIST_FILE = iOS/Info.plist;
				LD_RUNPATH_SEARCH_PATHS = (
					"$(inherited)",
					"@executable_path/Frameworks",
				);
				PRODUCT_BUNDLE_IDENTIFIER = "com.richardjsimkins.floow-take-home-test";
				PRODUCT_NAME = "$(TARGET_NAME)";
				PROVISIONING_PROFILE_SPECIFIER = "";
				TARGETED_DEVICE_FAMILY = 1;
			};
			name = Release;
		};
/* End XCBuildConfiguration section */

/* Begin XCConfigurationList section */
		79F3DEB5223FC6FE00C17CF1 /* Build configuration list for PBXProject "floow-take-home-test" */ = {
			isa = XCConfigurationList;
			buildConfigurations = (
				79F3DECE223FC6FF00C17CF1 /* Debug */,
				79F3DECF223FC6FF00C17CF1 /* Release */,
			);
			defaultConfigurationIsVisible = 0;
			defaultConfigurationName = Release;
		};
		79F3DED0223FC70000C17CF1 /* Build configuration list for PBXNativeTarget "floow-take-home-test" */ = {
			isa = XCConfigurationList;
			buildConfigurations = (
				79F3DED1223FC70000C17CF1 /* Debug */,
				79F3DED2223FC70000C17CF1 /* Release */,
			);
			defaultConfigurationIsVisible = 0;
			defaultConfigurationName = Release;
		};
/* End XCConfigurationList section */
	};
	rootObject = 79F3DEB2223FC6FE00C17CF1 /* Project object */;
}
